{
  "originHash" : "27371bd428549f030a55918c59e4c8ea49e1086f5376024a9c4b867fa4b5643a",
  "pins" : [
    {
      "identity" : "setgreet-ios-sdk",
      "kind" : "remoteSourceControl",
      "location" : "https://github.com/setgreet/setgreet-ios-sdk.git",
      "state" : {
        "revision" : "04e8ada84e1259786a90cab37e5f7959375ce502",
        "version" : "0.2.0"
      }
    }
  ],
  "version" : 3
}
